
Microsoft Visual Studio Solution File, Format Version 12.00
# Visual Studio Version 17
VisualStudioVersion = 17.7.34031.279
MinimumVisualStudioVersion = 10.0.40219.1
Project("{FAE04EC0-301F-11D3-BF4B-00C04F79EFBC}") = "TM_App01", "TM_App01\TM_App01.csproj", "{5C8576A4-B47D-4513-B601-A11A3643E81A}"
EndProject
Global
	GlobalSection(SolutionConfigurationPlatforms) = preSolution
		Debug|Any CPU = Debug|Any CPU
		Release|Any CPU = Release|Any CPU
	EndGlobalSection
	GlobalSection(ProjectConfigurationPlatforms) = postSolution
		{5C8576A4-B47D-4513-B601-A11A3643E81A}.Debug|Any CPU.ActiveCfg = Debug|Any CPU
		{5C8576A4-B47D-4513-B601-A11A3643E81A}.Debug|Any CPU.Build.0 = Debug|Any CPU
		{5C8576A4-B47D-4513-B601-A11A3643E81A}.Release|Any CPU.ActiveCfg = Release|Any CPU
		{5C8576A4-B47D-4513-B601-A11A3643E81A}.Release|Any CPU.Build.0 = Release|Any CPU
	EndGlobalSection
	GlobalSection(SolutionProperties) = preSolution
		HideSolutionNode = FALSE
	EndGlobalSection
	GlobalSection(ExtensibilityGlobals) = postSolution
		SolutionGuid = {FFF50312-50FB-4821-BEF0-AC688EC740B4}
	EndGlobalSection
EndGlobal
